
Microsoft Visual Studio Solution File, Format Version 12.00
# Visual Studio Version 17
VisualStudioVersion = 17.0.31717.71
MinimumVisualStudioVersion = 10.0.40219.1
Project("{9A19103F-16F7-4668-BE54-9A1E7A4F7556}") = "BlazorBolouri", "BlazorBolouri.csproj", "{C780864E-F813-4AE9-B1AC-5F5D05C7433A}"
EndProject
Global
	GlobalSection(SolutionConfigurationPlatforms) = preSolution
		Debug|Any CPU = Debug|Any CPU
		Release|Any CPU = Release|Any CPU
	EndGlobalSection
	GlobalSection(ProjectConfigurationPlatforms) = postSolution
		{C780864E-F813-4AE9-B1AC-5F5D05C7433A}.Debug|Any CPU.ActiveCfg = Debug|Any CPU
		{C780864E-F813-4AE9-B1AC-5F5D05C7433A}.Debug|Any CPU.Build.0 = Debug|Any CPU
		{C780864E-F813-4AE9-B1AC-5F5D05C7433A}.Release|Any CPU.ActiveCfg = Release|Any CPU
		{C780864E-F813-4AE9-B1AC-5F5D05C7433A}.Release|Any CPU.Build.0 = Release|Any CPU
	EndGlobalSection
	GlobalSection(SolutionProperties) = preSolution
		HideSolutionNode = FALSE
	EndGlobalSection
	GlobalSection(ExtensibilityGlobals) = postSolution
		SolutionGuid = {5D303FC2-99B2-4491-A8B5-8944C9386295}
	EndGlobalSection
EndGlobal